
Microsoft Visual Studio Solution File, Format Version 12.00
# Visual Studio Version 17
VisualStudioVersion = 17.11.35222.181
MinimumVisualStudioVersion = 10.0.40219.1
Project("{2150E333-8FDC-42A3-9474-1A3956D46DE8}") = "Solution Items", "Solution Items", "{3A7ECA5E-C4A8-42C2-BBAD-DF2010F0CA01}"
EndProject
Project("{9A19103F-16F7-4668-BE54-9A1E7A4F7556}") = "DataGridCar.Contracts", "DataGridCar.Contracts\DataGridCar.Contracts.csproj", "{0D70794C-D9D8-429E-A7A4-F85E8FA1FEE6}"
EndProject
Project("{9A19103F-16F7-4668-BE54-9A1E7A4F7556}") = "DataGridCar.CarManagerData", "DataGridCar.CarManagerData\DataGridCar.CarManagerData.csproj", "{70EC01E2-057B-48E0-8164-14C45C29687D}"
EndProject
Project("{9A19103F-16F7-4668-BE54-9A1E7A4F7556}") = "DaraGridCar.MemoryStorage", "DataGridCar.MemoryStorage\DaraGridCar.MemoryStorage.csproj", "{780BD98A-7907-4A7B-A1C0-C1AFEE4D83B4}"
EndProject
Project("{FAE04EC0-301F-11D3-BF4B-00C04F79EFBC}") = "DataGridCar.MemotyStorage.Test", "DataGridCar.MemotyStorage.Test\DataGridCar.MemotyStorage.Test.csproj", "{7D156FB4-5F8E-4116-97EC-9DCA4F2B0C8A}"
EndProject
Project("{FAE04EC0-301F-11D3-BF4B-00C04F79EFBC}") = "DataGridCar.CarManagerData.Test", "DataGridCar.CarManagerData.Test\DataGridCar.CarManagerData.Test.csproj", "{CF915392-D8BC-4B2A-B326-BC92DF93F8AE}"
EndProject
Project("{FAE04EC0-301F-11D3-BF4B-00C04F79EFBC}") = "DataGridCar", "DataGridCar\DataGridCar.csproj", "{E53671B7-2102-4C76-92ED-52A739257A4F}"
EndProject
Project("{FAE04EC0-301F-11D3-BF4B-00C04F79EFBC}") = "DataGridCar.DataStorage.Entity", "DataGridCar.DataStorage.Entity\DataGridCar.DataStorage.Entity.csproj", "{10944197-BFCB-4EC8-86C1-D0CC2B5348EB}"
EndProject
Project("{FAE04EC0-301F-11D3-BF4B-00C04F79EFBC}") = "DataGridCar.Web", "DataGridCar.Web\DataGridCar.Web.csproj", "{DDFFF450-7EB6-4EDE-BCFE-E9CF43D81763}"
EndProject
Project("{FAE04EC0-301F-11D3-BF4B-00C04F79EFBC}") = "DataGridCar.Web.Page", "DataGridCar.Web.Page\DataGridCar.Web.Page.csproj", "{56B56310-E38C-4671-9E5F-4F1BD30C63EF}"
EndProject
Global
	GlobalSection(SolutionConfigurationPlatforms) = preSolution
		Debug|Any CPU = Debug|Any CPU
		Release|Any CPU = Release|Any CPU
	EndGlobalSection
	GlobalSection(ProjectConfigurationPlatforms) = postSolution
		{0D70794C-D9D8-429E-A7A4-F85E8FA1FEE6}.Debug|Any CPU.ActiveCfg = Debug|Any CPU
		{0D70794C-D9D8-429E-A7A4-F85E8FA1FEE6}.Debug|Any CPU.Build.0 = Debug|Any CPU
		{0D70794C-D9D8-429E-A7A4-F85E8FA1FEE6}.Release|Any CPU.ActiveCfg = Release|Any CPU
		{0D70794C-D9D8-429E-A7A4-F85E8FA1FEE6}.Release|Any CPU.Build.0 = Release|Any CPU
		{70EC01E2-057B-48E0-8164-14C45C29687D}.Debug|Any CPU.ActiveCfg = Debug|Any CPU
		{70EC01E2-057B-48E0-8164-14C45C29687D}.Debug|Any CPU.Build.0 = Debug|Any CPU
		{70EC01E2-057B-48E0-8164-14C45C29687D}.Release|Any CPU.ActiveCfg = Release|Any CPU
		{70EC01E2-057B-48E0-8164-14C45C29687D}.Release|Any CPU.Build.0 = Release|Any CPU
		{780BD98A-7907-4A7B-A1C0-C1AFEE4D83B4}.Debug|Any CPU.ActiveCfg = Debug|Any CPU
		{780BD98A-7907-4A7B-A1C0-C1AFEE4D83B4}.Debug|Any CPU.Build.0 = Debug|Any CPU
		{780BD98A-7907-4A7B-A1C0-C1AFEE4D83B4}.Release|Any CPU.ActiveCfg = Release|Any CPU
		{780BD98A-7907-4A7B-A1C0-C1AFEE4D83B4}.Release|Any CPU.Build.0 = Release|Any CPU
		{7D156FB4-5F8E-4116-97EC-9DCA4F2B0C8A}.Debug|Any CPU.ActiveCfg = Debug|Any CPU
		{7D156FB4-5F8E-4116-97EC-9DCA4F2B0C8A}.Debug|Any CPU.Build.0 = Debug|Any CPU
		{7D156FB4-5F8E-4116-97EC-9DCA4F2B0C8A}.Release|Any CPU.ActiveCfg = Release|Any CPU
		{7D156FB4-5F8E-4116-97EC-9DCA4F2B0C8A}.Release|Any CPU.Build.0 = Release|Any CPU
		{CF915392-D8BC-4B2A-B326-BC92DF93F8AE}.Debug|Any CPU.ActiveCfg = Debug|Any CPU
		{CF915392-D8BC-4B2A-B326-BC92DF93F8AE}.Debug|Any CPU.Build.0 = Debug|Any CPU
		{CF915392-D8BC-4B2A-B326-BC92DF93F8AE}.Release|Any CPU.ActiveCfg = Release|Any CPU
		{CF915392-D8BC-4B2A-B326-BC92DF93F8AE}.Release|Any CPU.Build.0 = Release|Any CPU
		{E53671B7-2102-4C76-92ED-52A739257A4F}.Debug|Any CPU.ActiveCfg = Debug|Any CPU
		{E53671B7-2102-4C76-92ED-52A739257A4F}.Debug|Any CPU.Build.0 = Debug|Any CPU
		{E53671B7-2102-4C76-92ED-52A739257A4F}.Release|Any CPU.ActiveCfg = Release|Any CPU
		{E53671B7-2102-4C76-92ED-52A739257A4F}.Release|Any CPU.Build.0 = Release|Any CPU
		{10944197-BFCB-4EC8-86C1-D0CC2B5348EB}.Debug|Any CPU.ActiveCfg = Debug|Any CPU
		{10944197-BFCB-4EC8-86C1-D0CC2B5348EB}.Debug|Any CPU.Build.0 = Debug|Any CPU
		{10944197-BFCB-4EC8-86C1-D0CC2B5348EB}.Release|Any CPU.ActiveCfg = Release|Any CPU
		{10944197-BFCB-4EC8-86C1-D0CC2B5348EB}.Release|Any CPU.Build.0 = Release|Any CPU
		{DDFFF450-7EB6-4EDE-BCFE-E9CF43D81763}.Debug|Any CPU.ActiveCfg = Debug|Any CPU
		{DDFFF450-7EB6-4EDE-BCFE-E9CF43D81763}.Debug|Any CPU.Build.0 = Debug|Any CPU
		{DDFFF450-7EB6-4EDE-BCFE-E9CF43D81763}.Release|Any CPU.ActiveCfg = Release|Any CPU
		{DDFFF450-7EB6-4EDE-BCFE-E9CF43D81763}.Release|Any CPU.Build.0 = Release|Any CPU
		{56B56310-E38C-4671-9E5F-4F1BD30C63EF}.Debug|Any CPU.ActiveCfg = Debug|Any CPU
		{56B56310-E38C-4671-9E5F-4F1BD30C63EF}.Debug|Any CPU.Build.0 = Debug|Any CPU
		{56B56310-E38C-4671-9E5F-4F1BD30C63EF}.Release|Any CPU.ActiveCfg = Release|Any CPU
		{56B56310-E38C-4671-9E5F-4F1BD30C63EF}.Release|Any CPU.Build.0 = Release|Any CPU
	EndGlobalSection
	GlobalSection(SolutionProperties) = preSolution
		HideSolutionNode = FALSE
	EndGlobalSection
	GlobalSection(ExtensibilityGlobals) = postSolution
		SolutionGuid = {0E4D653F-BDCA-4028-857E-28868C3288D4}
	EndGlobalSection
EndGlobal
